
Microsoft Visual Studio Solution File, Format Version 12.00
# Visual Studio Version 17
VisualStudioVersion = 17.14.36518.9 d17.14
MinimumVisualStudioVersion = 10.0.40219.1
Project("{FAE04EC0-301F-11D3-BF4B-00C04F79EFBC}") = "WebApplication1", "WebApplication1\WebApplication1.csproj", "{BD446EAC-9B3D-452F-8DB9-2747EBFF6E70}"
EndProject
Global
	GlobalSection(SolutionConfigurationPlatforms) = preSolution
		Debug|Any CPU = Debug|Any CPU
		Release|Any CPU = Release|Any CPU
	EndGlobalSection
	GlobalSection(ProjectConfigurationPlatforms) = postSolution
		{BD446EAC-9B3D-452F-8DB9-2747EBFF6E70}.Debug|Any CPU.ActiveCfg = Debug|Any CPU
		{BD446EAC-9B3D-452F-8DB9-2747EBFF6E70}.Debug|Any CPU.Build.0 = Debug|Any CPU
		{BD446EAC-9B3D-452F-8DB9-2747EBFF6E70}.Release|Any CPU.ActiveCfg = Release|Any CPU
		{BD446EAC-9B3D-452F-8DB9-2747EBFF6E70}.Release|Any CPU.Build.0 = Release|Any CPU
	EndGlobalSection
	GlobalSection(SolutionProperties) = preSolution
		HideSolutionNode = FALSE
	EndGlobalSection
	GlobalSection(ExtensibilityGlobals) = postSolution
		SolutionGuid = {F34D62F5-80AC-4A3D-9243-AA39047F9976}
	EndGlobalSection
EndGlobal
